# THIS IS AN AUTOGENERATED FILE. DO NOT EDIT THIS FILE DIRECTLY.
# yarn lockfile v1


postal-mime@^2.2.5:
  version "2.2.5"
  resolved "https://registry.yarnpkg.com/postal-mime/-/postal-mime-2.2.5.tgz#2bd44a1efd553ba64b9072712967a0e1e3a0b8e8"
  integrity sha512-6eTJf+B47JMdDuLF/4MBiGpTinxl0W8bA9CzrSoiQrNVRqK8Vhe59VrS6sXh2lG/lgo0bxpZFcWOF4Dv1FaSfg==

prettier@^3.2.5:
  version "3.2.5"
  resolved "https://registry.yarnpkg.com/prettier/-/prettier-3.2.5.tgz#e52bc3090586e824964a8813b09aba6233b28368"
  integrity sha512-3/GWa9aOC0YeD7LUfvOG2NiDyhOWRvt1k+rcKhOuYnMY24iiCphgneUfJDyFXd6rZCAnuLBv6UeAULtrhT/F4A==
